// !$*UTF8*$!
{
	archiveVersion = 1;
	classes = {
	};
	objectVersion = 52;
	objects = {

/* Begin PBXBuildFile section */
		6532D96E24CAAC0D0014F807 /* ContentView.swift in Sources */ = {isa = PBXBuildFile; fileRef = 6532D96D24CAAC0D0014F807 /* ContentView.swift */; };
		6532D97024CAACEA0014F807 /* AppSidebarNavigation.swift in Sources */ = {isa = PBXBuildFile; fileRef = 6532D96F24CAACEA0014F807 /* AppSidebarNavigation.swift */; };
		6532D97224CAAECE0014F807 /* AppTabNavigation.swift in Sources */ = {isa = PBXBuildFile; fileRef = 6532D97124CAAECE0014F807 /* AppTabNavigation.swift */; };
		6532D97624CAD5C60014F807 /* NavigationItem.swift in Sources */ = {isa = PBXBuildFile; fileRef = 6532D97524CAD5C60014F807 /* NavigationItem.swift */; };
		653569E724D2EFEF00152E49 /* OnBoardingView.swift in Sources */ = {isa = PBXBuildFile; fileRef = 653569E624D2EFEF00152E49 /* OnBoardingView.swift */; };
		653569EB24D2F06700152E49 /* Color.swift in Sources */ = {isa = PBXBuildFile; fileRef = 653569EA24D2F06600152E49 /* Color.swift */; };
		653569ED24D2F97700152E49 /* OnBoardingPageView.swift in Sources */ = {isa = PBXBuildFile; fileRef = 653569EC24D2F97700152E49 /* OnBoardingPageView.swift */; };
		653569FA24D30AE000152E49 /* OnBoardingItem.swift in Sources */ = {isa = PBXBuildFile; fileRef = 653569F924D30AE000152E49 /* OnBoardingItem.swift */; };
		653569FD24D3F69500152E49 /* AuthenticationView.swift in Sources */ = {isa = PBXBuildFile; fileRef = 653569FC24D3F69500152E49 /* AuthenticationView.swift */; };
		65356A0024D4249000152E49 /* CodeScanner in Frameworks */ = {isa = PBXBuildFile; productRef = 653569FF24D4249000152E49 /* CodeScanner */; };
		656ABDEC24CDB66100CFEBB9 /* NewsView.swift in Sources */ = {isa = PBXBuildFile; fileRef = 656ABDEB24CDB66100CFEBB9 /* NewsView.swift */; };
		6577237B24E41C3800A9FB43 /* AuthenticationViewModel.swift in Sources */ = {isa = PBXBuildFile; fileRef = 6577237A24E41C3800A9FB43 /* AuthenticationViewModel.swift */; };
		6577237D24E41D7300A9FB43 /* BaseViewModel.swift in Sources */ = {isa = PBXBuildFile; fileRef = 6577237C24E41D7300A9FB43 /* BaseViewModel.swift */; };
		6577237F24E4228400A9FB43 /* String.swift in Sources */ = {isa = PBXBuildFile; fileRef = 6577237E24E4228400A9FB43 /* String.swift */; };
		6577238124E428EC00A9FB43 /* AuthenticationService.swift in Sources */ = {isa = PBXBuildFile; fileRef = 6577238024E428EC00A9FB43 /* AuthenticationService.swift */; };
		6577238324E429A200A9FB43 /* Authentication.swift in Sources */ = {isa = PBXBuildFile; fileRef = 6577238224E429A200A9FB43 /* Authentication.swift */; };
		65AD9D7C24E40EBC0052BD4E /* View.swift in Sources */ = {isa = PBXBuildFile; fileRef = 65AD9D7B24E40EBC0052BD4E /* View.swift */; };
		65DA0EDD24EA76AE0064968F /* CollectionMetaResponse.swift in Sources */ = {isa = PBXBuildFile; fileRef = 65DA0EDC24EA76AE0064968F /* CollectionMetaResponse.swift */; };
		65DBF95C24E3C92100B795AF /* Agent.swift in Sources */ = {isa = PBXBuildFile; fileRef = 65DBF95B24E3C92100B795AF /* Agent.swift */; };
		65DBF95E24E3C95F00B795AF /* HTTPMethod.swift in Sources */ = {isa = PBXBuildFile; fileRef = 65DBF95D24E3C95F00B795AF /* HTTPMethod.swift */; };
		65DBF96024E3C9A800B795AF /* APIResult.swift in Sources */ = {isa = PBXBuildFile; fileRef = 65DBF95F24E3C9A800B795AF /* APIResult.swift */; };
		65DBF96224E3C9C800B795AF /* APIError.swift in Sources */ = {isa = PBXBuildFile; fileRef = 65DBF96124E3C9C800B795AF /* APIError.swift */; };
		65DBF96524E3CA0F00B795AF /* URL.swift in Sources */ = {isa = PBXBuildFile; fileRef = 65DBF96424E3CA0F00B795AF /* URL.swift */; };
		65DBF96724E3DD9900B795AF /* URLRequest.swift in Sources */ = {isa = PBXBuildFile; fileRef = 65DBF96624E3DD9900B795AF /* URLRequest.swift */; };
		65DBF96924E3DDDF00B795AF /* APIResponse.swift in Sources */ = {isa = PBXBuildFile; fileRef = 65DBF96824E3DDDF00B795AF /* APIResponse.swift */; };
		65DBF96C24E3E0CB00B795AF /* Scheduler.swift in Sources */ = {isa = PBXBuildFile; fileRef = 65DBF96B24E3E0CB00B795AF /* Scheduler.swift */; };
		65DBF97424E3E25E00B795AF /* RoundedDefaultButtonStyle.swift in Sources */ = {isa = PBXBuildFile; fileRef = 65DBF97324E3E25E00B795AF /* RoundedDefaultButtonStyle.swift */; };
		65EFD53624C96F9300CDAB49 /* CollegeScheduleApp.swift in Sources */ = {isa = PBXBuildFile; fileRef = 65EFD52324C96F9200CDAB49 /* CollegeScheduleApp.swift */; };
		65EFD53A24C96F9300CDAB49 /* Assets.xcassets in Resources */ = {isa = PBXBuildFile; fileRef = 65EFD52524C96F9300CDAB49 /* Assets.xcassets */; };
/* End PBXBuildFile section */

/* Begin PBXCopyFilesBuildPhase section */
		6532D96B24CAABC70014F807 /* Embed App Clips */ = {
			isa = PBXCopyFilesBuildPhase;
			buildActionMask = 2147483647;
			dstPath = "$(CONTENTS_FOLDER_PATH)/AppClips";
			dstSubfolderSpec = 16;
			files = (
			);
			name = "Embed App Clips";
			runOnlyForDeploymentPostprocessing = 0;
		};
/* End PBXCopyFilesBuildPhase section */

/* Begin PBXFileReference section */
		6532D95324CAAB780014F807 /* cs-apple.entitlements */ = {isa = PBXFileReference; lastKnownFileType = text.plist.entitlements; path = "cs-apple.entitlements"; sourceTree = "<group>"; };
		6532D96D24CAAC0D0014F807 /* ContentView.swift */ = {isa = PBXFileReference; lastKnownFileType = sourcecode.swift; path = ContentView.swift; sourceTree = "<group>"; };
		6532D96F24CAACEA0014F807 /* AppSidebarNavigation.swift */ = {isa = PBXFileReference; lastKnownFileType = sourcecode.swift; path = AppSidebarNavigation.swift; sourceTree = "<group>"; };
		6532D97124CAAECE0014F807 /* AppTabNavigation.swift */ = {isa = PBXFileReference; lastKnownFileType = sourcecode.swift; path = AppTabNavigation.swift; sourceTree = "<group>"; };
		6532D97524CAD5C60014F807 /* NavigationItem.swift */ = {isa = PBXFileReference; lastKnownFileType = sourcecode.swift; path = NavigationItem.swift; sourceTree = "<group>"; };
		653569E624D2EFEF00152E49 /* OnBoardingView.swift */ = {isa = PBXFileReference; lastKnownFileType = sourcecode.swift; path = OnBoardingView.swift; sourceTree = "<group>"; };
		653569EA24D2F06600152E49 /* Color.swift */ = {isa = PBXFileReference; lastKnownFileType = sourcecode.swift; path = Color.swift; sourceTree = "<group>"; };
		653569EC24D2F97700152E49 /* OnBoardingPageView.swift */ = {isa = PBXFileReference; lastKnownFileType = sourcecode.swift; path = OnBoardingPageView.swift; sourceTree = "<group>"; };
		653569F924D30AE000152E49 /* OnBoardingItem.swift */ = {isa = PBXFileReference; lastKnownFileType = sourcecode.swift; path = OnBoardingItem.swift; sourceTree = "<group>"; };
		653569FC24D3F69500152E49 /* AuthenticationView.swift */ = {isa = PBXFileReference; lastKnownFileType = sourcecode.swift; path = AuthenticationView.swift; sourceTree = "<group>"; };
		656ABDEB24CDB66100CFEBB9 /* NewsView.swift */ = {isa = PBXFileReference; lastKnownFileType = sourcecode.swift; path = NewsView.swift; sourceTree = "<group>"; };
		6577237A24E41C3800A9FB43 /* AuthenticationViewModel.swift */ = {isa = PBXFileReference; lastKnownFileType = sourcecode.swift; path = AuthenticationViewModel.swift; sourceTree = "<group>"; };
		6577237C24E41D7300A9FB43 /* BaseViewModel.swift */ = {isa = PBXFileReference; lastKnownFileType = sourcecode.swift; path = BaseViewModel.swift; sourceTree = "<group>"; };
		6577237E24E4228400A9FB43 /* String.swift */ = {isa = PBXFileReference; lastKnownFileType = sourcecode.swift; path = String.swift; sourceTree = "<group>"; };
		6577238024E428EC00A9FB43 /* AuthenticationService.swift */ = {isa = PBXFileReference; lastKnownFileType = sourcecode.swift; path = AuthenticationService.swift; sourceTree = "<group>"; };
		6577238224E429A200A9FB43 /* Authentication.swift */ = {isa = PBXFileReference; lastKnownFileType = sourcecode.swift; path = Authentication.swift; sourceTree = "<group>"; };
		65AD9D7B24E40EBC0052BD4E /* View.swift */ = {isa = PBXFileReference; lastKnownFileType = sourcecode.swift; path = View.swift; sourceTree = "<group>"; };
		65DA0EDC24EA76AE0064968F /* CollectionMetaResponse.swift */ = {isa = PBXFileReference; fileEncoding = 4; lastKnownFileType = sourcecode.swift; path = CollectionMetaResponse.swift; sourceTree = "<group>"; };
		65DBF95B24E3C92100B795AF /* Agent.swift */ = {isa = PBXFileReference; lastKnownFileType = sourcecode.swift; path = Agent.swift; sourceTree = "<group>"; };
		65DBF95D24E3C95F00B795AF /* HTTPMethod.swift */ = {isa = PBXFileReference; lastKnownFileType = sourcecode.swift; path = HTTPMethod.swift; sourceTree = "<group>"; };
		65DBF95F24E3C9A800B795AF /* APIResult.swift */ = {isa = PBXFileReference; lastKnownFileType = sourcecode.swift; path = APIResult.swift; sourceTree = "<group>"; };
		65DBF96124E3C9C800B795AF /* APIError.swift */ = {isa = PBXFileReference; lastKnownFileType = sourcecode.swift; path = APIError.swift; sourceTree = "<group>"; };
		65DBF96424E3CA0F00B795AF /* URL.swift */ = {isa = PBXFileReference; lastKnownFileType = sourcecode.swift; name = URL.swift; path = Shared/URL.swift; sourceTree = SOURCE_ROOT; };
		65DBF96624E3DD9900B795AF /* URLRequest.swift */ = {isa = PBXFileReference; lastKnownFileType = sourcecode.swift; path = URLRequest.swift; sourceTree = "<group>"; };
		65DBF96824E3DDDF00B795AF /* APIResponse.swift */ = {isa = PBXFileReference; lastKnownFileType = sourcecode.swift; path = APIResponse.swift; sourceTree = "<group>"; };
		65DBF96B24E3E0CB00B795AF /* Scheduler.swift */ = {isa = PBXFileReference; lastKnownFileType = sourcecode.swift; path = Scheduler.swift; sourceTree = "<group>"; };
		65DBF97324E3E25E00B795AF /* RoundedDefaultButtonStyle.swift */ = {isa = PBXFileReference; lastKnownFileType = sourcecode.swift; path = RoundedDefaultButtonStyle.swift; sourceTree = "<group>"; };
		65EFD52324C96F9200CDAB49 /* CollegeScheduleApp.swift */ = {isa = PBXFileReference; lastKnownFileType = sourcecode.swift; path = CollegeScheduleApp.swift; sourceTree = "<group>"; };
		65EFD52524C96F9300CDAB49 /* Assets.xcassets */ = {isa = PBXFileReference; lastKnownFileType = folder.assetcatalog; path = Assets.xcassets; sourceTree = "<group>"; };
		65EFD52A24C96F9300CDAB49 /* cs-apple.app */ = {isa = PBXFileReference; explicitFileType = wrapper.application; includeInIndex = 0; path = "cs-apple.app"; sourceTree = BUILT_PRODUCTS_DIR; };
		65EFD52D24C96F9300CDAB49 /* Info.plist */ = {isa = PBXFileReference; lastKnownFileType = text.plist.xml; path = Info.plist; sourceTree = "<group>"; };
/* End PBXFileReference section */

/* Begin PBXFrameworksBuildPhase section */
		65EFD52724C96F9300CDAB49 /* Frameworks */ = {
			isa = PBXFrameworksBuildPhase;
			buildActionMask = 2147483647;
			files = (
				65356A0024D4249000152E49 /* CodeScanner in Frameworks */,
			);
			runOnlyForDeploymentPostprocessing = 0;
		};
/* End PBXFrameworksBuildPhase section */

/* Begin PBXGroup section */
		6532D96C24CAAC010014F807 /* Navigation */ = {
			isa = PBXGroup;
			children = (
				6532D96F24CAACEA0014F807 /* AppSidebarNavigation.swift */,
				6532D97524CAD5C60014F807 /* NavigationItem.swift */,
			);
			path = Navigation;
			sourceTree = "<group>";
		};
		653569E924D2F05100152E49 /* Extension */ = {
			isa = PBXGroup;
			children = (
				653569EA24D2F06600152E49 /* Color.swift */,
				65DBF96424E3CA0F00B795AF /* URL.swift */,
				65DBF96624E3DD9900B795AF /* URLRequest.swift */,
				65AD9D7B24E40EBC0052BD4E /* View.swift */,
				6577237E24E4228400A9FB43 /* String.swift */,
			);
			path = Extension;
			sourceTree = "<group>";
		};
		656ABDEA24CDB63400CFEBB9 /* News */ = {
			isa = PBXGroup;
			children = (
				656ABDEB24CDB66100CFEBB9 /* NewsView.swift */,
			);
			path = News;
			sourceTree = "<group>";
		};
		65CD10DD24CD40FA00DE1098 /* Navigation */ = {
			isa = PBXGroup;
			children = (
				6532D97124CAAECE0014F807 /* AppTabNavigation.swift */,
			);
			path = Navigation;
			sourceTree = "<group>";
		};
		65DBF94F24E3C85600B795AF /* App */ = {
			isa = PBXGroup;
			children = (
				65EFD52324C96F9200CDAB49 /* CollegeScheduleApp.swift */,
			);
			path = App;
			sourceTree = "<group>";
		};
		65DBF95024E3C86800B795AF /* Data */ = {
			isa = PBXGroup;
			children = (
				65DBF95424E3C87F00B795AF /* Entity */,
				65DBF95324E3C87B00B795AF /* Local */,
				65DBF95224E3C87700B795AF /* Remote */,
				65DBF95124E3C87300B795AF /* Repository */,
			);
			path = Data;
			sourceTree = "<group>";
		};
		65DBF95124E3C87300B795AF /* Repository */ = {
			isa = PBXGroup;
			children = (
			);
			path = Repository;
			sourceTree = "<group>";
		};
		65DBF95224E3C87700B795AF /* Remote */ = {
			isa = PBXGroup;
			children = (
				6577238024E428EC00A9FB43 /* AuthenticationService.swift */,
			);
			path = Remote;
			sourceTree = "<group>";
		};
		65DBF95324E3C87B00B795AF /* Local */ = {
			isa = PBXGroup;
			children = (
			);
			path = Local;
			sourceTree = "<group>";
		};
		65DBF95424E3C87F00B795AF /* Entity */ = {
			isa = PBXGroup;
			children = (
				65DA0EDC24EA76AE0064968F /* CollectionMetaResponse.swift */,
				6577238224E429A200A9FB43 /* Authentication.swift */,
			);
			path = Entity;
			sourceTree = "<group>";
		};
		65DBF95A24E3C91000B795AF /* Networking */ = {
			isa = PBXGroup;
			children = (
				65DBF95B24E3C92100B795AF /* Agent.swift */,
				65DBF95D24E3C95F00B795AF /* HTTPMethod.swift */,
				65DBF95F24E3C9A800B795AF /* APIResult.swift */,
				65DBF96124E3C9C800B795AF /* APIError.swift */,
				65DBF96824E3DDDF00B795AF /* APIResponse.swift */,
			);
			path = Networking;
			sourceTree = "<group>";
		};
		65DBF96A24E3E0BC00B795AF /* Utils */ = {
			isa = PBXGroup;
			children = (
				65DBF96B24E3E0CB00B795AF /* Scheduler.swift */,
				6577237C24E41D7300A9FB43 /* BaseViewModel.swift */,
			);
			path = Utils;
			sourceTree = "<group>";
		};
		65DBF96D24E3E11400B795AF /* Feature */ = {
			isa = PBXGroup;
			children = (
				65DBF96E24E3E15700B795AF /* Anonymous */,
				65DBF96F24E3E18900B795AF /* Authenticated */,
			);
			path = Feature;
			sourceTree = "<group>";
		};
		65DBF96E24E3E15700B795AF /* Anonymous */ = {
			isa = PBXGroup;
			children = (
				65DBF97024E3E19800B795AF /* OnBoarding */,
				65DBF97124E3E19C00B795AF /* Authentication */,
			);
			path = Anonymous;
			sourceTree = "<group>";
		};
		65DBF96F24E3E18900B795AF /* Authenticated */ = {
			isa = PBXGroup;
			children = (
				6532D96D24CAAC0D0014F807 /* ContentView.swift */,
				6532D96C24CAAC010014F807 /* Navigation */,
			);
			path = Authenticated;
			sourceTree = "<group>";
		};
		65DBF97024E3E19800B795AF /* OnBoarding */ = {
			isa = PBXGroup;
			children = (
				653569E624D2EFEF00152E49 /* OnBoardingView.swift */,
				653569EC24D2F97700152E49 /* OnBoardingPageView.swift */,
				653569F924D30AE000152E49 /* OnBoardingItem.swift */,
			);
			path = OnBoarding;
			sourceTree = "<group>";
		};
		65DBF97124E3E19C00B795AF /* Authentication */ = {
			isa = PBXGroup;
			children = (
				653569FC24D3F69500152E49 /* AuthenticationView.swift */,
				6577237A24E41C3800A9FB43 /* AuthenticationViewModel.swift */,
			);
			path = Authentication;
			sourceTree = "<group>";
		};
		65DBF97224E3E24800B795AF /* Components */ = {
			isa = PBXGroup;
			children = (
				65DBF97324E3E25E00B795AF /* RoundedDefaultButtonStyle.swift */,
			);
			path = Components;
			sourceTree = "<group>";
		};
		65EFD51D24C96F9200CDAB49 = {
			isa = PBXGroup;
			children = (
				65EFD52224C96F9200CDAB49 /* Shared */,
				65EFD52C24C96F9300CDAB49 /* iOS */,
				65EFD52B24C96F9300CDAB49 /* Products */,
			);
			sourceTree = "<group>";
		};
		65EFD52224C96F9200CDAB49 /* Shared */ = {
			isa = PBXGroup;
			children = (
				65DBF94F24E3C85600B795AF /* App */,
				65DBF97224E3E24800B795AF /* Components */,
				65DBF96D24E3E11400B795AF /* Feature */,
				65DBF95024E3C86800B795AF /* Data */,
				65DBF95A24E3C91000B795AF /* Networking */,
				653569E924D2F05100152E49 /* Extension */,
				65DBF96A24E3E0BC00B795AF /* Utils */,
				656ABDEA24CDB63400CFEBB9 /* News */,
				65EFD52524C96F9300CDAB49 /* Assets.xcassets */,
			);
			path = Shared;
			sourceTree = "<group>";
		};
		65EFD52B24C96F9300CDAB49 /* Products */ = {
			isa = PBXGroup;
			children = (
				65EFD52A24C96F9300CDAB49 /* cs-apple.app */,
			);
			name = Products;
			sourceTree = "<group>";
		};
		65EFD52C24C96F9300CDAB49 /* iOS */ = {
			isa = PBXGroup;
			children = (
				65CD10DD24CD40FA00DE1098 /* Navigation */,
				6532D95324CAAB780014F807 /* cs-apple.entitlements */,
				65EFD52D24C96F9300CDAB49 /* Info.plist */,
			);
			path = iOS;
			sourceTree = "<group>";
		};
/* End PBXGroup section */

/* Begin PBXNativeTarget section */
		65EFD52924C96F9300CDAB49 /* iOS */ = {
			isa = PBXNativeTarget;
			buildConfigurationList = 65EFD53E24C96F9300CDAB49 /* Build configuration list for PBXNativeTarget "iOS" */;
			buildPhases = (
				65EFD52624C96F9300CDAB49 /* Sources */,
				65EFD52724C96F9300CDAB49 /* Frameworks */,
				65EFD52824C96F9300CDAB49 /* Resources */,
				6532D96B24CAABC70014F807 /* Embed App Clips */,
			);
			buildRules = (
			);
			dependencies = (
			);
			name = iOS;
			packageProductDependencies = (
				653569FF24D4249000152E49 /* CodeScanner */,
			);
			productName = iOS;
			productReference = 65EFD52A24C96F9300CDAB49 /* cs-apple.app */;
			productType = "com.apple.product-type.application";
		};
/* End PBXNativeTarget section */

/* Begin PBXProject section */
		65EFD51E24C96F9200CDAB49 /* Project object */ = {
			isa = PBXProject;
			attributes = {
				LastSwiftUpdateCheck = 1200;
				LastUpgradeCheck = 1200;
				TargetAttributes = {
					65EFD52924C96F9300CDAB49 = {
						CreatedOnToolsVersion = 12.0;
					};
				};
			};
			buildConfigurationList = 65EFD52124C96F9200CDAB49 /* Build configuration list for PBXProject "cs-apple" */;
			compatibilityVersion = "Xcode 9.3";
			developmentRegion = en;
			hasScannedForEncodings = 0;
			knownRegions = (
				en,
				Base,
			);
			mainGroup = 65EFD51D24C96F9200CDAB49;
			packageReferences = (
				653569FE24D4249000152E49 /* XCRemoteSwiftPackageReference "CodeScanner" */,
			);
			productRefGroup = 65EFD52B24C96F9300CDAB49 /* Products */;
			projectDirPath = "";
			projectRoot = "";
			targets = (
				65EFD52924C96F9300CDAB49 /* iOS */,
			);
		};
/* End PBXProject section */

/* Begin PBXResourcesBuildPhase section */
		65EFD52824C96F9300CDAB49 /* Resources */ = {
			isa = PBXResourcesBuildPhase;
			buildActionMask = 2147483647;
			files = (
				65EFD53A24C96F9300CDAB49 /* Assets.xcassets in Resources */,
			);
			runOnlyForDeploymentPostprocessing = 0;
		};
/* End PBXResourcesBuildPhase section */

/* Begin PBXSourcesBuildPhase section */
		65EFD52624C96F9300CDAB49 /* Sources */ = {
			isa = PBXSourcesBuildPhase;
			buildActionMask = 2147483647;
			files = (
				653569ED24D2F97700152E49 /* OnBoardingPageView.swift in Sources */,
				65EFD53624C96F9300CDAB49 /* CollegeScheduleApp.swift in Sources */,
				653569FD24D3F69500152E49 /* AuthenticationView.swift in Sources */,
				65DBF95C24E3C92100B795AF /* Agent.swift in Sources */,
				65DA0EDD24EA76AE0064968F /* CollectionMetaResponse.swift in Sources */,
				6577237B24E41C3800A9FB43 /* AuthenticationViewModel.swift in Sources */,
				65DBF97424E3E25E00B795AF /* RoundedDefaultButtonStyle.swift in Sources */,
				6577237F24E4228400A9FB43 /* String.swift in Sources */,
				65DBF96224E3C9C800B795AF /* APIError.swift in Sources */,
				65DBF96724E3DD9900B795AF /* URLRequest.swift in Sources */,
				6532D97624CAD5C60014F807 /* NavigationItem.swift in Sources */,
				653569E724D2EFEF00152E49 /* OnBoardingView.swift in Sources */,
				6532D97224CAAECE0014F807 /* AppTabNavigation.swift in Sources */,
				65DBF96C24E3E0CB00B795AF /* Scheduler.swift in Sources */,
				656ABDEC24CDB66100CFEBB9 /* NewsView.swift in Sources */,
				65DBF96024E3C9A800B795AF /* APIResult.swift in Sources */,
				6577237D24E41D7300A9FB43 /* BaseViewModel.swift in Sources */,
				65DBF96524E3CA0F00B795AF /* URL.swift in Sources */,
				6577238324E429A200A9FB43 /* Authentication.swift in Sources */,
				653569EB24D2F06700152E49 /* Color.swift in Sources */,
				653569FA24D30AE000152E49 /* OnBoardingItem.swift in Sources */,
				6532D96E24CAAC0D0014F807 /* ContentView.swift in Sources */,
				65DBF96924E3DDDF00B795AF /* APIResponse.swift in Sources */,
				65DBF95E24E3C95F00B795AF /* HTTPMethod.swift in Sources */,
				65AD9D7C24E40EBC0052BD4E /* View.swift in Sources */,
				6532D97024CAACEA0014F807 /* AppSidebarNavigation.swift in Sources */,
				6577238124E428EC00A9FB43 /* AuthenticationService.swift in Sources */,
			);
			runOnlyForDeploymentPostprocessing = 0;
		};
/* End PBXSourcesBuildPhase section */

/* Begin XCBuildConfiguration section */
		65EFD53C24C96F9300CDAB49 /* Debug */ = {
			isa = XCBuildConfiguration;
			buildSettings = {
				ALWAYS_SEARCH_USER_PATHS = NO;
				CLANG_ANALYZER_NONNULL = YES;
				CLANG_ANALYZER_NUMBER_OBJECT_CONVERSION = YES_AGGRESSIVE;
				CLANG_CXX_LANGUAGE_STANDARD = "gnu++14";
				CLANG_CXX_LIBRARY = "libc++";
				CLANG_ENABLE_MODULES = YES;
				CLANG_ENABLE_OBJC_ARC = YES;
				CLANG_ENABLE_OBJC_WEAK = YES;
				CLANG_WARN_BLOCK_CAPTURE_AUTORELEASING = YES;
				CLANG_WARN_BOOL_CONVERSION = YES;
				CLANG_WARN_COMMA = YES;
				CLANG_WARN_CONSTANT_CONVERSION = YES;
				CLANG_WARN_DEPRECATED_OBJC_IMPLEMENTATIONS = YES;
				CLANG_WARN_DIRECT_OBJC_ISA_USAGE = YES_ERROR;
				CLANG_WARN_DOCUMENTATION_COMMENTS = YES;
				CLANG_WARN_EMPTY_BODY = YES;
				CLANG_WARN_ENUM_CONVERSION = YES;
				CLANG_WARN_INFINITE_RECURSION = YES;
				CLANG_WARN_INT_CONVERSION = YES;
				CLANG_WARN_NON_LITERAL_NULL_CONVERSION = YES;
				CLANG_WARN_OBJC_IMPLICIT_RETAIN_SELF = YES;
				CLANG_WARN_OBJC_LITERAL_CONVERSION = YES;
				CLANG_WARN_OBJC_ROOT_CLASS = YES_ERROR;
				CLANG_WARN_QUOTED_INCLUDE_IN_FRAMEWORK_HEADER = YES;
				CLANG_WARN_RANGE_LOOP_ANALYSIS = YES;
				CLANG_WARN_STRICT_PROTOTYPES = YES;
				CLANG_WARN_SUSPICIOUS_MOVE = YES;
				CLANG_WARN_UNGUARDED_AVAILABILITY = YES_AGGRESSIVE;
				CLANG_WARN_UNREACHABLE_CODE = YES;
				CLANG_WARN__DUPLICATE_METHOD_MATCH = YES;
				COPY_PHASE_STRIP = NO;
				DEBUG_INFORMATION_FORMAT = dwarf;
				ENABLE_STRICT_OBJC_MSGSEND = YES;
				ENABLE_TESTABILITY = YES;
				GCC_C_LANGUAGE_STANDARD = gnu11;
				GCC_DYNAMIC_NO_PIC = NO;
				GCC_NO_COMMON_BLOCKS = YES;
				GCC_OPTIMIZATION_LEVEL = 0;
				GCC_PREPROCESSOR_DEFINITIONS = (
					"DEBUG=1",
					"$(inherited)",
				);
				GCC_WARN_64_TO_32_BIT_CONVERSION = YES;
				GCC_WARN_ABOUT_RETURN_TYPE = YES_ERROR;
				GCC_WARN_UNDECLARED_SELECTOR = YES;
				GCC_WARN_UNINITIALIZED_AUTOS = YES_AGGRESSIVE;
				GCC_WARN_UNUSED_FUNCTION = YES;
				GCC_WARN_UNUSED_VARIABLE = YES;
				IPHONEOS_DEPLOYMENT_TARGET = 14.0;
				MACOSX_DEPLOYMENT_TARGET = 10.16;
				MTL_ENABLE_DEBUG_INFO = INCLUDE_SOURCE;
				MTL_FAST_MATH = YES;
				ONLY_ACTIVE_ARCH = YES;
				SWIFT_ACTIVE_COMPILATION_CONDITIONS = DEBUG;
				SWIFT_OPTIMIZATION_LEVEL = "-Onone";
			};
			name = Debug;
		};
		65EFD53D24C96F9300CDAB49 /* Release */ = {
			isa = XCBuildConfiguration;
			buildSettings = {
				ALWAYS_SEARCH_USER_PATHS = NO;
				CLANG_ANALYZER_NONNULL = YES;
				CLANG_ANALYZER_NUMBER_OBJECT_CONVERSION = YES_AGGRESSIVE;
				CLANG_CXX_LANGUAGE_STANDARD = "gnu++14";
				CLANG_CXX_LIBRARY = "libc++";
				CLANG_ENABLE_MODULES = YES;
				CLANG_ENABLE_OBJC_ARC = YES;
				CLANG_ENABLE_OBJC_WEAK = YES;
				CLANG_WARN_BLOCK_CAPTURE_AUTORELEASING = YES;
				CLANG_WARN_BOOL_CONVERSION = YES;
				CLANG_WARN_COMMA = YES;
				CLANG_WARN_CONSTANT_CONVERSION = YES;
				CLANG_WARN_DEPRECATED_OBJC_IMPLEMENTATIONS = YES;
				CLANG_WARN_DIRECT_OBJC_ISA_USAGE = YES_ERROR;
				CLANG_WARN_DOCUMENTATION_COMMENTS = YES;
				CLANG_WARN_EMPTY_BODY = YES;
				CLANG_WARN_ENUM_CONVERSION = YES;
				CLANG_WARN_INFINITE_RECURSION = YES;
				CLANG_WARN_INT_CONVERSION = YES;
				CLANG_WARN_NON_LITERAL_NULL_CONVERSION = YES;
				CLANG_WARN_OBJC_IMPLICIT_RETAIN_SELF = YES;
				CLANG_WARN_OBJC_LITERAL_CONVERSION = YES;
				CLANG_WARN_OBJC_ROOT_CLASS = YES_ERROR;
				CLANG_WARN_QUOTED_INCLUDE_IN_FRAMEWORK_HEADER = YES;
				CLANG_WARN_RANGE_LOOP_ANALYSIS = YES;
				CLANG_WARN_STRICT_PROTOTYPES = YES;
				CLANG_WARN_SUSPICIOUS_MOVE = YES;
				CLANG_WARN_UNGUARDED_AVAILABILITY = YES_AGGRESSIVE;
				CLANG_WARN_UNREACHABLE_CODE = YES;
				CLANG_WARN__DUPLICATE_METHOD_MATCH = YES;
				COPY_PHASE_STRIP = NO;
				DEBUG_INFORMATION_FORMAT = "dwarf-with-dsym";
				ENABLE_NS_ASSERTIONS = NO;
				ENABLE_STRICT_OBJC_MSGSEND = YES;
				GCC_C_LANGUAGE_STANDARD = gnu11;
				GCC_NO_COMMON_BLOCKS = YES;
				GCC_WARN_64_TO_32_BIT_CONVERSION = YES;
				GCC_WARN_ABOUT_RETURN_TYPE = YES_ERROR;
				GCC_WARN_UNDECLARED_SELECTOR = YES;
				GCC_WARN_UNINITIALIZED_AUTOS = YES_AGGRESSIVE;
				GCC_WARN_UNUSED_FUNCTION = YES;
				GCC_WARN_UNUSED_VARIABLE = YES;
				IPHONEOS_DEPLOYMENT_TARGET = 14.0;
				MACOSX_DEPLOYMENT_TARGET = 10.16;
				MTL_ENABLE_DEBUG_INFO = NO;
				MTL_FAST_MATH = YES;
				SWIFT_COMPILATION_MODE = wholemodule;
				SWIFT_OPTIMIZATION_LEVEL = "-O";
			};
			name = Release;
		};
		65EFD53F24C96F9300CDAB49 /* Debug */ = {
			isa = XCBuildConfiguration;
			buildSettings = {
				ASSETCATALOG_COMPILER_APPICON_NAME = AppIcon;
				ASSETCATALOG_COMPILER_GLOBAL_ACCENT_COLOR_NAME = AccentColor;
				CODE_SIGN_ENTITLEMENTS = "iOS/cs-apple.entitlements";
				CODE_SIGN_STYLE = Automatic;
				DEVELOPMENT_TEAM = YNZB3J5436;
				ENABLE_PREVIEWS = YES;
				INFOPLIST_FILE = iOS/Info.plist;
				IPHONEOS_DEPLOYMENT_TARGET = 14.0;
				LD_RUNPATH_SEARCH_PATHS = (
					"$(inherited)",
					"@executable_path/Frameworks",
				);
				PRODUCT_BUNDLE_IDENTIFIER = "me.whywelive.cs-apple";
				PRODUCT_NAME = "cs-apple";
				SDKROOT = iphoneos;
				SWIFT_VERSION = 5.0;
				TARGETED_DEVICE_FAMILY = "1,2";
			};
			name = Debug;
		};
		65EFD54024C96F9300CDAB49 /* Release */ = {
			isa = XCBuildConfiguration;
			buildSettings = {
				ASSETCATALOG_COMPILER_APPICON_NAME = AppIcon;
				ASSETCATALOG_COMPILER_GLOBAL_ACCENT_COLOR_NAME = AccentColor;
				CODE_SIGN_ENTITLEMENTS = "iOS/cs-apple.entitlements";
				CODE_SIGN_STYLE = Automatic;
				DEVELOPMENT_TEAM = YNZB3J5436;
				ENABLE_PREVIEWS = YES;
				INFOPLIST_FILE = iOS/Info.plist;
				IPHONEOS_DEPLOYMENT_TARGET = 14.0;
				LD_RUNPATH_SEARCH_PATHS = (
					"$(inherited)",
					"@executable_path/Frameworks",
				);
				PRODUCT_BUNDLE_IDENTIFIER = "me.whywelive.cs-apple";
				PRODUCT_NAME = "cs-apple";
				SDKROOT = iphoneos;
				SWIFT_VERSION = 5.0;
				TARGETED_DEVICE_FAMILY = "1,2";
				VALIDATE_PRODUCT = YES;
			};
			name = Release;
		};
/* End XCBuildConfiguration section */

/* Begin XCConfigurationList section */
		65EFD52124C96F9200CDAB49 /* Build configuration list for PBXProject "cs-apple" */ = {
			isa = XCConfigurationList;
			buildConfigurations = (
				65EFD53C24C96F9300CDAB49 /* Debug */,
				65EFD53D24C96F9300CDAB49 /* Release */,
			);
			defaultConfigurationIsVisible = 0;
			defaultConfigurationName = Release;
		};
		65EFD53E24C96F9300CDAB49 /* Build configuration list for PBXNativeTarget "iOS" */ = {
			isa = XCConfigurationList;
			buildConfigurations = (
				65EFD53F24C96F9300CDAB49 /* Debug */,
				65EFD54024C96F9300CDAB49 /* Release */,
			);
			defaultConfigurationIsVisible = 0;
			defaultConfigurationName = Release;
		};
/* End XCConfigurationList section */

/* Begin XCRemoteSwiftPackageReference section */
		653569FE24D4249000152E49 /* XCRemoteSwiftPackageReference "CodeScanner" */ = {
			isa = XCRemoteSwiftPackageReference;
			repositoryURL = "https://github.com/twostraws/CodeScanner";
			requirement = {
				kind = upToNextMajorVersion;
				minimumVersion = 1.0.6;
			};
		};
/* End XCRemoteSwiftPackageReference section */

/* Begin XCSwiftPackageProductDependency section */
		653569FF24D4249000152E49 /* CodeScanner */ = {
			isa = XCSwiftPackageProductDependency;
			package = 653569FE24D4249000152E49 /* XCRemoteSwiftPackageReference "CodeScanner" */;
			productName = CodeScanner;
		};
/* End XCSwiftPackageProductDependency section */
	};
	rootObject = 65EFD51E24C96F9200CDAB49 /* Project object */;
}
